
Microsoft Visual Studio Solution File, Format Version 12.00
# Visual Studio 15
VisualStudioVersion = 15.0.27130.2036
MinimumVisualStudioVersion = 10.0.40219.1
Project("{FAE04EC0-301F-11D3-BF4B-00C04F79EFBC}") = "DreamPlanner.Android", "DreamPlanner\DreamPlanner.Android\DreamPlanner.Android.csproj", "{267471F5-7834-41E6-98A3-C61462CD86E3}"
EndProject
Project("{FAE04EC0-301F-11D3-BF4B-00C04F79EFBC}") = "DreamPlanner.iOS", "DreamPlanner\DreamPlanner.iOS\DreamPlanner.iOS.csproj", "{B76A1479-12C4-4DC1-BB2F-1A5FA41C637E}"
EndProject
Project("{FAE04EC0-301F-11D3-BF4B-00C04F79EFBC}") = "DreamPlanner.UWP", "DreamPlanner\DreamPlanner.UWP\DreamPlanner.UWP.csproj", "{9CBB35DC-DE8A-4B52-AC6E-1D4B939A04DE}"
EndProject
Project("{D954291E-2A0B-460D-934E-DC6B0785DB48}") = "DreamPlanner", "DreamPlanner\DreamPlanner\DreamPlanner.shproj", "{4FFAD0B4-E3EB-410A-8D9D-FD8D7415BD1D}"
EndProject
Global
	GlobalSection(SharedMSBuildProjectFiles) = preSolution
		DreamPlanner\DreamPlanner\DreamPlanner.projitems*{267471f5-7834-41e6-98a3-c61462cd86e3}*SharedItemsImports = 4
		DreamPlanner\DreamPlanner\DreamPlanner.projitems*{4ffad0b4-e3eb-410a-8d9d-fd8d7415bd1d}*SharedItemsImports = 13
		DreamPlanner\DreamPlanner\DreamPlanner.projitems*{9cbb35dc-de8a-4b52-ac6e-1d4b939a04de}*SharedItemsImports = 4
		DreamPlanner\DreamPlanner\DreamPlanner.projitems*{b76a1479-12c4-4dc1-bb2f-1a5fa41c637e}*SharedItemsImports = 4
	EndGlobalSection
	GlobalSection(SolutionConfigurationPlatforms) = preSolution
		Ad-Hoc|Any CPU = Ad-Hoc|Any CPU
		Ad-Hoc|ARM = Ad-Hoc|ARM
		Ad-Hoc|iPhone = Ad-Hoc|iPhone
		Ad-Hoc|iPhoneSimulator = Ad-Hoc|iPhoneSimulator
		Ad-Hoc|x64 = Ad-Hoc|x64
		Ad-Hoc|x86 = Ad-Hoc|x86
		AppStore|Any CPU = AppStore|Any CPU
		AppStore|ARM = AppStore|ARM
		AppStore|iPhone = AppStore|iPhone
		AppStore|iPhoneSimulator = AppStore|iPhoneSimulator
		AppStore|x64 = AppStore|x64
		AppStore|x86 = AppStore|x86
		Debug|Any CPU = Debug|Any CPU
		Debug|ARM = Debug|ARM
		Debug|iPhone = Debug|iPhone
		Debug|iPhoneSimulator = Debug|iPhoneSimulator
		Debug|x64 = Debug|x64
		Debug|x86 = Debug|x86
		Release|Any CPU = Release|Any CPU
		Release|ARM = Release|ARM
		Release|iPhone = Release|iPhone
		Release|iPhoneSimulator = Release|iPhoneSimulator
		Release|x64 = Release|x64
		Release|x86 = Release|x86
	EndGlobalSection
	GlobalSection(ProjectConfigurationPlatforms) = postSolution
		{267471F5-7834-41E6-98A3-C61462CD86E3}.Ad-Hoc|Any CPU.ActiveCfg = Release|Any CPU
		{267471F5-7834-41E6-98A3-C61462CD86E3}.Ad-Hoc|Any CPU.Build.0 = Release|Any CPU
		{267471F5-7834-41E6-98A3-C61462CD86E3}.Ad-Hoc|Any CPU.Deploy.0 = Release|Any CPU
		{267471F5-7834-41E6-98A3-C61462CD86E3}.Ad-Hoc|ARM.ActiveCfg = Release|Any CPU
		{267471F5-7834-41E6-98A3-C61462CD86E3}.Ad-Hoc|ARM.Build.0 = Release|Any CPU
		{267471F5-7834-41E6-98A3-C61462CD86E3}.Ad-Hoc|ARM.Deploy.0 = Release|Any CPU
		{267471F5-7834-41E6-98A3-C61462CD86E3}.Ad-Hoc|iPhone.ActiveCfg = Release|Any CPU
		{267471F5-7834-41E6-98A3-C61462CD86E3}.Ad-Hoc|iPhone.Build.0 = Release|Any CPU
		{267471F5-7834-41E6-98A3-C61462CD86E3}.Ad-Hoc|iPhone.Deploy.0 = Release|Any CPU
		{267471F5-7834-41E6-98A3-C61462CD86E3}.Ad-Hoc|iPhoneSimulator.ActiveCfg = Release|Any CPU
		{267471F5-7834-41E6-98A3-C61462CD86E3}.Ad-Hoc|iPhoneSimulator.Build.0 = Release|Any CPU
		{267471F5-7834-41E6-98A3-C61462CD86E3}.Ad-Hoc|iPhoneSimulator.Deploy.0 = Release|Any CPU
		{267471F5-7834-41E6-98A3-C61462CD86E3}.Ad-Hoc|x64.ActiveCfg = Release|Any CPU
		{267471F5-7834-41E6-98A3-C61462CD86E3}.Ad-Hoc|x64.Build.0 = Release|Any CPU
		{267471F5-7834-41E6-98A3-C61462CD86E3}.Ad-Hoc|x64.Deploy.0 = Release|Any CPU
		{267471F5-7834-41E6-98A3-C61462CD86E3}.Ad-Hoc|x86.ActiveCfg = Release|Any CPU
		{267471F5-7834-41E6-98A3-C61462CD86E3}.Ad-Hoc|x86.Build.0 = Release|Any CPU
		{267471F5-7834-41E6-98A3-C61462CD86E3}.Ad-Hoc|x86.Deploy.0 = Release|Any CPU
		{267471F5-7834-41E6-98A3-C61462CD86E3}.AppStore|Any CPU.ActiveCfg = Release|Any CPU
		{267471F5-7834-41E6-98A3-C61462CD86E3}.AppStore|Any CPU.Build.0 = Release|Any CPU
		{267471F5-7834-41E6-98A3-C61462CD86E3}.AppStore|Any CPU.Deploy.0 = Release|Any CPU
		{267471F5-7834-41E6-98A3-C61462CD86E3}.AppStore|ARM.ActiveCfg = Release|Any CPU
		{267471F5-7834-41E6-98A3-C61462CD86E3}.AppStore|ARM.Build.0 = Release|Any CPU
		{267471F5-7834-41E6-98A3-C61462CD86E3}.AppStore|ARM.Deploy.0 = Release|Any CPU
		{267471F5-7834-41E6-98A3-C61462CD86E3}.AppStore|iPhone.ActiveCfg = Release|Any CPU
		{267471F5-7834-41E6-98A3-C61462CD86E3}.AppStore|iPhone.Build.0 = Release|Any CPU
		{267471F5-7834-41E6-98A3-C61462CD86E3}.AppStore|iPhone.Deploy.0 = Release|Any CPU
		{267471F5-7834-41E6-98A3-C61462CD86E3}.AppStore|iPhoneSimulator.ActiveCfg = Release|Any CPU
		{267471F5-7834-41E6-98A3-C61462CD86E3}.AppStore|iPhoneSimulator.Build.0 = Release|Any CPU
		{267471F5-7834-41E6-98A3-C61462CD86E3}.AppStore|iPhoneSimulator.Deploy.0 = Release|Any CPU
		{267471F5-7834-41E6-98A3-C61462CD86E3}.AppStore|x64.ActiveCfg = Release|Any CPU
		{267471F5-7834-41E6-98A3-C61462CD86E3}.AppStore|x64.Build.0 = Release|Any CPU
		{267471F5-7834-41E6-98A3-C61462CD86E3}.AppStore|x64.Deploy.0 = Release|Any CPU
		{267471F5-7834-41E6-98A3-C61462CD86E3}.AppStore|x86.ActiveCfg = Release|Any CPU
		{267471F5-7834-41E6-98A3-C61462CD86E3}.AppStore|x86.Build.0 = Release|Any CPU
		{267471F5-7834-41E6-98A3-C61462CD86E3}.AppStore|x86.Deploy.0 = Release|Any CPU
		{267471F5-7834-41E6-98A3-C61462CD86E3}.Debug|Any CPU.ActiveCfg = Debug|Any CPU
		{267471F5-7834-41E6-98A3-C61462CD86E3}.Debug|Any CPU.Build.0 = Debug|Any CPU
		{267471F5-7834-41E6-98A3-C61462CD86E3}.Debug|Any CPU.Deploy.0 = Debug|Any CPU
		{267471F5-7834-41E6-98A3-C61462CD86E3}.Debug|ARM.ActiveCfg = Debug|Any CPU
		{267471F5-7834-41E6-98A3-C61462CD86E3}.Debug|ARM.Build.0 = Debug|Any CPU
		{267471F5-7834-41E6-98A3-C61462CD86E3}.Debug|ARM.Deploy.0 = Debug|Any CPU
		{267471F5-7834-41E6-98A3-C61462CD86E3}.Debug|iPhone.ActiveCfg = Debug|Any CPU
		{267471F5-7834-41E6-98A3-C61462CD86E3}.Debug|iPhone.Build.0 = Debug|Any CPU
		{267471F5-7834-41E6-98A3-C61462CD86E3}.Debug|iPhone.Deploy.0 = Debug|Any CPU
		{267471F5-7834-41E6-98A3-C61462CD86E3}.Debug|iPhoneSimulator.ActiveCfg = Debug|Any CPU
		{267471F5-7834-41E6-98A3-C61462CD86E3}.Debug|iPhoneSimulator.Build.0 = Debug|Any CPU
		{267471F5-7834-41E6-98A3-C61462CD86E3}.Debug|iPhoneSimulator.Deploy.0 = Debug|Any CPU
		{267471F5-7834-41E6-98A3-C61462CD86E3}.Debug|x64.ActiveCfg = Debug|Any CPU
		{267471F5-7834-41E6-98A3-C61462CD86E3}.Debug|x64.Build.0 = Debug|Any CPU
		{267471F5-7834-41E6-98A3-C61462CD86E3}.Debug|x64.Deploy.0 = Debug|Any CPU
		{267471F5-7834-41E6-98A3-C61462CD86E3}.Debug|x86.ActiveCfg = Debug|Any CPU
		{267471F5-7834-41E6-98A3-C61462CD86E3}.Debug|x86.Build.0 = Debug|Any CPU
		{267471F5-7834-41E6-98A3-C61462CD86E3}.Debug|x86.Deploy.0 = Debug|Any CPU
		{267471F5-7834-41E6-98A3-C61462CD86E3}.Release|Any CPU.ActiveCfg = Release|Any CPU
		{267471F5-7834-41E6-98A3-C61462CD86E3}.Release|Any CPU.Build.0 = Release|Any CPU
		{267471F5-7834-41E6-98A3-C61462CD86E3}.Release|Any CPU.Deploy.0 = Release|Any CPU
		{267471F5-7834-41E6-98A3-C61462CD86E3}.Release|ARM.ActiveCfg = Release|Any CPU
		{267471F5-7834-41E6-98A3-C61462CD86E3}.Release|ARM.Build.0 = Release|Any CPU
		{267471F5-7834-41E6-98A3-C61462CD86E3}.Release|ARM.Deploy.0 = Release|Any CPU
		{267471F5-7834-41E6-98A3-C61462CD86E3}.Release|iPhone.ActiveCfg = Release|Any CPU
		{267471F5-7834-41E6-98A3-C61462CD86E3}.Release|iPhone.Build.0 = Release|Any CPU
		{267471F5-7834-41E6-98A3-C61462CD86E3}.Release|iPhone.Deploy.0 = Release|Any CPU
		{267471F5-7834-41E6-98A3-C61462CD86E3}.Release|iPhoneSimulator.ActiveCfg = Release|Any CPU
		{267471F5-7834-41E6-98A3-C61462CD86E3}.Release|iPhoneSimulator.Build.0 = Release|Any CPU
		{267471F5-7834-41E6-98A3-C61462CD86E3}.Release|iPhoneSimulator.Deploy.0 = Release|Any CPU
		{267471F5-7834-41E6-98A3-C61462CD86E3}.Release|x64.ActiveCfg = Release|Any CPU
		{267471F5-7834-41E6-98A3-C61462CD86E3}.Release|x64.Build.0 = Release|Any CPU
		{267471F5-7834-41E6-98A3-C61462CD86E3}.Release|x64.Deploy.0 = Release|Any CPU
		{267471F5-7834-41E6-98A3-C61462CD86E3}.Release|x86.ActiveCfg = Release|Any CPU
		{267471F5-7834-41E6-98A3-C61462CD86E3}.Release|x86.Build.0 = Release|Any CPU
		{267471F5-7834-41E6-98A3-C61462CD86E3}.Release|x86.Deploy.0 = Release|Any CPU
		{B76A1479-12C4-4DC1-BB2F-1A5FA41C637E}.Ad-Hoc|Any CPU.ActiveCfg = Ad-Hoc|iPhone
		{B76A1479-12C4-4DC1-BB2F-1A5FA41C637E}.Ad-Hoc|ARM.ActiveCfg = Ad-Hoc|iPhone
		{B76A1479-12C4-4DC1-BB2F-1A5FA41C637E}.Ad-Hoc|iPhone.ActiveCfg = Ad-Hoc|iPhone
		{B76A1479-12C4-4DC1-BB2F-1A5FA41C637E}.Ad-Hoc|iPhone.Build.0 = Ad-Hoc|iPhone
		{B76A1479-12C4-4DC1-BB2F-1A5FA41C637E}.Ad-Hoc|iPhoneSimulator.ActiveCfg = Ad-Hoc|iPhoneSimulator
		{B76A1479-12C4-4DC1-BB2F-1A5FA41C637E}.Ad-Hoc|iPhoneSimulator.Build.0 = Ad-Hoc|iPhoneSimulator
		{B76A1479-12C4-4DC1-BB2F-1A5FA41C637E}.Ad-Hoc|x64.ActiveCfg = Ad-Hoc|iPhone
		{B76A1479-12C4-4DC1-BB2F-1A5FA41C637E}.Ad-Hoc|x86.ActiveCfg = Ad-Hoc|iPhone
		{B76A1479-12C4-4DC1-BB2F-1A5FA41C637E}.AppStore|Any CPU.ActiveCfg = AppStore|iPhone
		{B76A1479-12C4-4DC1-BB2F-1A5FA41C637E}.AppStore|ARM.ActiveCfg = AppStore|iPhone
		{B76A1479-12C4-4DC1-BB2F-1A5FA41C637E}.AppStore|iPhone.ActiveCfg = AppStore|iPhone
		{B76A1479-12C4-4DC1-BB2F-1A5FA41C637E}.AppStore|iPhone.Build.0 = AppStore|iPhone
		{B76A1479-12C4-4DC1-BB2F-1A5FA41C637E}.AppStore|iPhoneSimulator.ActiveCfg = AppStore|iPhoneSimulator
		{B76A1479-12C4-4DC1-BB2F-1A5FA41C637E}.AppStore|iPhoneSimulator.Build.0 = AppStore|iPhoneSimulator
		{B76A1479-12C4-4DC1-BB2F-1A5FA41C637E}.AppStore|x64.ActiveCfg = AppStore|iPhone
		{B76A1479-12C4-4DC1-BB2F-1A5FA41C637E}.AppStore|x86.ActiveCfg = AppStore|iPhone
		{B76A1479-12C4-4DC1-BB2F-1A5FA41C637E}.Debug|Any CPU.ActiveCfg = Debug|iPhone
		{B76A1479-12C4-4DC1-BB2F-1A5FA41C637E}.Debug|ARM.ActiveCfg = Debug|iPhone
		{B76A1479-12C4-4DC1-BB2F-1A5FA41C637E}.Debug|iPhone.ActiveCfg = Debug|iPhone
		{B76A1479-12C4-4DC1-BB2F-1A5FA41C637E}.Debug|iPhone.Build.0 = Debug|iPhone
		{B76A1479-12C4-4DC1-BB2F-1A5FA41C637E}.Debug|iPhoneSimulator.ActiveCfg = Debug|iPhoneSimulator
		{B76A1479-12C4-4DC1-BB2F-1A5FA41C637E}.Debug|iPhoneSimulator.Build.0 = Debug|iPhoneSimulator
		{B76A1479-12C4-4DC1-BB2F-1A5FA41C637E}.Debug|x64.ActiveCfg = Debug|iPhone
		{B76A1479-12C4-4DC1-BB2F-1A5FA41C637E}.Debug|x86.ActiveCfg = Debug|iPhone
		{B76A1479-12C4-4DC1-BB2F-1A5FA41C637E}.Release|Any CPU.ActiveCfg = Release|iPhone
		{B76A1479-12C4-4DC1-BB2F-1A5FA41C637E}.Release|ARM.ActiveCfg = Release|iPhone
		{B76A1479-12C4-4DC1-BB2F-1A5FA41C637E}.Release|iPhone.ActiveCfg = Release|iPhone
		{B76A1479-12C4-4DC1-BB2F-1A5FA41C637E}.Release|iPhone.Build.0 = Release|iPhone
		{B76A1479-12C4-4DC1-BB2F-1A5FA41C637E}.Release|iPhoneSimulator.ActiveCfg = Release|iPhoneSimulator
		{B76A1479-12C4-4DC1-BB2F-1A5FA41C637E}.Release|iPhoneSimulator.Build.0 = Release|iPhoneSimulator
		{B76A1479-12C4-4DC1-BB2F-1A5FA41C637E}.Release|x64.ActiveCfg = Release|iPhone
		{B76A1479-12C4-4DC1-BB2F-1A5FA41C637E}.Release|x86.ActiveCfg = Release|iPhone
		{9CBB35DC-DE8A-4B52-AC6E-1D4B939A04DE}.Ad-Hoc|Any CPU.ActiveCfg = Release|x86
		{9CBB35DC-DE8A-4B52-AC6E-1D4B939A04DE}.Ad-Hoc|Any CPU.Build.0 = Release|x86
		{9CBB35DC-DE8A-4B52-AC6E-1D4B939A04DE}.Ad-Hoc|Any CPU.Deploy.0 = Release|x86
		{9CBB35DC-DE8A-4B52-AC6E-1D4B939A04DE}.Ad-Hoc|ARM.ActiveCfg = Release|ARM
		{9CBB35DC-DE8A-4B52-AC6E-1D4B939A04DE}.Ad-Hoc|ARM.Build.0 = Release|ARM
		{9CBB35DC-DE8A-4B52-AC6E-1D4B939A04DE}.Ad-Hoc|ARM.Deploy.0 = Release|ARM
		{9CBB35DC-DE8A-4B52-AC6E-1D4B939A04DE}.Ad-Hoc|iPhone.ActiveCfg = Release|x86
		{9CBB35DC-DE8A-4B52-AC6E-1D4B939A04DE}.Ad-Hoc|iPhone.Build.0 = Release|x86
		{9CBB35DC-DE8A-4B52-AC6E-1D4B939A04DE}.Ad-Hoc|iPhone.Deploy.0 = Release|x86
		{9CBB35DC-DE8A-4B52-AC6E-1D4B939A04DE}.Ad-Hoc|iPhoneSimulator.ActiveCfg = Release|x86
		{9CBB35DC-DE8A-4B52-AC6E-1D4B939A04DE}.Ad-Hoc|iPhoneSimulator.Build.0 = Release|x86
		{9CBB35DC-DE8A-4B52-AC6E-1D4B939A04DE}.Ad-Hoc|iPhoneSimulator.Deploy.0 = Release|x86
		{9CBB35DC-DE8A-4B52-AC6E-1D4B939A04DE}.Ad-Hoc|x64.ActiveCfg = Release|x64
		{9CBB35DC-DE8A-4B52-AC6E-1D4B939A04DE}.Ad-Hoc|x64.Build.0 = Release|x64
		{9CBB35DC-DE8A-4B52-AC6E-1D4B939A04DE}.Ad-Hoc|x64.Deploy.0 = Release|x64
		{9CBB35DC-DE8A-4B52-AC6E-1D4B939A04DE}.Ad-Hoc|x86.ActiveCfg = Release|x86
		{9CBB35DC-DE8A-4B52-AC6E-1D4B939A04DE}.Ad-Hoc|x86.Build.0 = Release|x86
		{9CBB35DC-DE8A-4B52-AC6E-1D4B939A04DE}.Ad-Hoc|x86.Deploy.0 = Release|x86
		{9CBB35DC-DE8A-4B52-AC6E-1D4B939A04DE}.AppStore|Any CPU.ActiveCfg = Release|x86
		{9CBB35DC-DE8A-4B52-AC6E-1D4B939A04DE}.AppStore|Any CPU.Build.0 = Release|x86
		{9CBB35DC-DE8A-4B52-AC6E-1D4B939A04DE}.AppStore|Any CPU.Deploy.0 = Release|x86
		{9CBB35DC-DE8A-4B52-AC6E-1D4B939A04DE}.AppStore|ARM.ActiveCfg = Release|ARM
		{9CBB35DC-DE8A-4B52-AC6E-1D4B939A04DE}.AppStore|ARM.Build.0 = Release|ARM
		{9CBB35DC-DE8A-4B52-AC6E-1D4B939A04DE}.AppStore|ARM.Deploy.0 = Release|ARM
		{9CBB35DC-DE8A-4B52-AC6E-1D4B939A04DE}.AppStore|iPhone.ActiveCfg = Release|x86
		{9CBB35DC-DE8A-4B52-AC6E-1D4B939A04DE}.AppStore|iPhone.Build.0 = Release|x86
		{9CBB35DC-DE8A-4B52-AC6E-1D4B939A04DE}.AppStore|iPhone.Deploy.0 = Release|x86
		{9CBB35DC-DE8A-4B52-AC6E-1D4B939A04DE}.AppStore|iPhoneSimulator.ActiveCfg = Release|x86
		{9CBB35DC-DE8A-4B52-AC6E-1D4B939A04DE}.AppStore|iPhoneSimulator.Build.0 = Release|x86
		{9CBB35DC-DE8A-4B52-AC6E-1D4B939A04DE}.AppStore|iPhoneSimulator.Deploy.0 = Release|x86
		{9CBB35DC-DE8A-4B52-AC6E-1D4B939A04DE}.AppStore|x64.ActiveCfg = Release|x64
		{9CBB35DC-DE8A-4B52-AC6E-1D4B939A04DE}.AppStore|x64.Build.0 = Release|x64
		{9CBB35DC-DE8A-4B52-AC6E-1D4B939A04DE}.AppStore|x64.Deploy.0 = Release|x64
		{9CBB35DC-DE8A-4B52-AC6E-1D4B939A04DE}.AppStore|x86.ActiveCfg = Release|x86
		{9CBB35DC-DE8A-4B52-AC6E-1D4B939A04DE}.AppStore|x86.Build.0 = Release|x86
		{9CBB35DC-DE8A-4B52-AC6E-1D4B939A04DE}.AppStore|x86.Deploy.0 = Release|x86
		{9CBB35DC-DE8A-4B52-AC6E-1D4B939A04DE}.Debug|Any CPU.ActiveCfg = Debug|x86
		{9CBB35DC-DE8A-4B52-AC6E-1D4B939A04DE}.Debug|ARM.ActiveCfg = Debug|ARM
		{9CBB35DC-DE8A-4B52-AC6E-1D4B939A04DE}.Debug|ARM.Build.0 = Debug|ARM
		{9CBB35DC-DE8A-4B52-AC6E-1D4B939A04DE}.Debug|ARM.Deploy.0 = Debug|ARM
		{9CBB35DC-DE8A-4B52-AC6E-1D4B939A04DE}.Debug|iPhone.ActiveCfg = Debug|x86
		{9CBB35DC-DE8A-4B52-AC6E-1D4B939A04DE}.Debug|iPhoneSimulator.ActiveCfg = Debug|x86
		{9CBB35DC-DE8A-4B52-AC6E-1D4B939A04DE}.Debug|x64.ActiveCfg = Debug|x64
		{9CBB35DC-DE8A-4B52-AC6E-1D4B939A04DE}.Debug|x64.Build.0 = Debug|x64
		{9CBB35DC-DE8A-4B52-AC6E-1D4B939A04DE}.Debug|x64.Deploy.0 = Debug|x64
		{9CBB35DC-DE8A-4B52-AC6E-1D4B939A04DE}.Debug|x86.ActiveCfg = Debug|x86
		{9CBB35DC-DE8A-4B52-AC6E-1D4B939A04DE}.Debug|x86.Build.0 = Debug|x86
		{9CBB35DC-DE8A-4B52-AC6E-1D4B939A04DE}.Debug|x86.Deploy.0 = Debug|x86
		{9CBB35DC-DE8A-4B52-AC6E-1D4B939A04DE}.Release|Any CPU.ActiveCfg = Release|x86
		{9CBB35DC-DE8A-4B52-AC6E-1D4B939A04DE}.Release|ARM.ActiveCfg = Release|ARM
		{9CBB35DC-DE8A-4B52-AC6E-1D4B939A04DE}.Release|ARM.Build.0 = Release|ARM
		{9CBB35DC-DE8A-4B52-AC6E-1D4B939A04DE}.Release|ARM.Deploy.0 = Release|ARM
		{9CBB35DC-DE8A-4B52-AC6E-1D4B939A04DE}.Release|iPhone.ActiveCfg = Release|x86
		{9CBB35DC-DE8A-4B52-AC6E-1D4B939A04DE}.Release|iPhoneSimulator.ActiveCfg = Release|x86
		{9CBB35DC-DE8A-4B52-AC6E-1D4B939A04DE}.Release|x64.ActiveCfg = Release|x64
		{9CBB35DC-DE8A-4B52-AC6E-1D4B939A04DE}.Release|x64.Build.0 = Release|x64
		{9CBB35DC-DE8A-4B52-AC6E-1D4B939A04DE}.Release|x64.Deploy.0 = Release|x64
		{9CBB35DC-DE8A-4B52-AC6E-1D4B939A04DE}.Release|x86.ActiveCfg = Release|x86
		{9CBB35DC-DE8A-4B52-AC6E-1D4B939A04DE}.Release|x86.Build.0 = Release|x86
		{9CBB35DC-DE8A-4B52-AC6E-1D4B939A04DE}.Release|x86.Deploy.0 = Release|x86
	EndGlobalSection
	GlobalSection(SolutionProperties) = preSolution
		HideSolutionNode = FALSE
	EndGlobalSection
	GlobalSection(ExtensibilityGlobals) = postSolution
		SolutionGuid = {5E38CB87-557A-4A0C-A634-C02D2CBAD96D}
	EndGlobalSection
EndGlobal
